
Microsoft Visual Studio Solution File, Format Version 12.00
# Visual Studio Version 16
VisualStudioVersion = 16.0.30621.155
MinimumVisualStudioVersion = 10.0.40219.1
Project("{FAE04EC0-301F-11D3-BF4B-00C04F79EFBC}") = "Practica_SitioWebUnivalle", "Practica_SitioWebUnivalle\Practica_SitioWebUnivalle.csproj", "{71C6E1BA-FA66-4BCC-8888-14D5F29C50FE}"
EndProject
Global
	GlobalSection(SolutionConfigurationPlatforms) = preSolution
		Debug|Any CPU = Debug|Any CPU
		Release|Any CPU = Release|Any CPU
	EndGlobalSection
	GlobalSection(ProjectConfigurationPlatforms) = postSolution
		{71C6E1BA-FA66-4BCC-8888-14D5F29C50FE}.Debug|Any CPU.ActiveCfg = Debug|Any CPU
		{71C6E1BA-FA66-4BCC-8888-14D5F29C50FE}.Debug|Any CPU.Build.0 = Debug|Any CPU
		{71C6E1BA-FA66-4BCC-8888-14D5F29C50FE}.Release|Any CPU.ActiveCfg = Release|Any CPU
		{71C6E1BA-FA66-4BCC-8888-14D5F29C50FE}.Release|Any CPU.Build.0 = Release|Any CPU
	EndGlobalSection
	GlobalSection(SolutionProperties) = preSolution
		HideSolutionNode = FALSE
	EndGlobalSection
	GlobalSection(ExtensibilityGlobals) = postSolution
		SolutionGuid = {A285EF14-655A-48DC-9BE9-476AA82A03FC}
	EndGlobalSection
EndGlobal
